
Microsoft Visual Studio Solution File, Format Version 12.00
# Visual Studio Version 17
VisualStudioVersion = 17.7.34009.444
MinimumVisualStudioVersion = 10.0.40219.1
Project("{FAE04EC0-301F-11D3-BF4B-00C04F79EFBC}") = "Ejercicio4ADSExamenPractico2", "Ejercicio4ADSExamenPractico2.csproj", "{1EA5166C-2D51-430A-97EA-ED3A6ED760CE}"
EndProject
Global
	GlobalSection(SolutionConfigurationPlatforms) = preSolution
		Debug|Any CPU = Debug|Any CPU
		Release|Any CPU = Release|Any CPU
	EndGlobalSection
	GlobalSection(ProjectConfigurationPlatforms) = postSolution
		{1EA5166C-2D51-430A-97EA-ED3A6ED760CE}.Debug|Any CPU.ActiveCfg = Debug|Any CPU
		{1EA5166C-2D51-430A-97EA-ED3A6ED760CE}.Debug|Any CPU.Build.0 = Debug|Any CPU
		{1EA5166C-2D51-430A-97EA-ED3A6ED760CE}.Release|Any CPU.ActiveCfg = Release|Any CPU
		{1EA5166C-2D51-430A-97EA-ED3A6ED760CE}.Release|Any CPU.Build.0 = Release|Any CPU
	EndGlobalSection
	GlobalSection(SolutionProperties) = preSolution
		HideSolutionNode = FALSE
	EndGlobalSection
	GlobalSection(ExtensibilityGlobals) = postSolution
		SolutionGuid = {6EF10538-6D54-4A3C-9EF0-CF186CD16EBA}
	EndGlobalSection
EndGlobal
